
Microsoft Visual Studio Solution File, Format Version 12.00
# Visual Studio Version 17
VisualStudioVersion = 17.5.33502.453
MinimumVisualStudioVersion = 10.0.40219.1
Project("{FAE04EC0-301F-11D3-BF4B-00C04F79EFBC}") = "cwiczenie_06", "cwiczenie_06\cwiczenie_06.csproj", "{1B57C7DA-558D-49EA-9833-59861A019299}"
EndProject
Global
	GlobalSection(SolutionConfigurationPlatforms) = preSolution
		Debug|Any CPU = Debug|Any CPU
		Release|Any CPU = Release|Any CPU
	EndGlobalSection
	GlobalSection(ProjectConfigurationPlatforms) = postSolution
		{1B57C7DA-558D-49EA-9833-59861A019299}.Debug|Any CPU.ActiveCfg = Debug|Any CPU
		{1B57C7DA-558D-49EA-9833-59861A019299}.Debug|Any CPU.Build.0 = Debug|Any CPU
		{1B57C7DA-558D-49EA-9833-59861A019299}.Release|Any CPU.ActiveCfg = Release|Any CPU
		{1B57C7DA-558D-49EA-9833-59861A019299}.Release|Any CPU.Build.0 = Release|Any CPU
	EndGlobalSection
	GlobalSection(SolutionProperties) = preSolution
		HideSolutionNode = FALSE
	EndGlobalSection
	GlobalSection(ExtensibilityGlobals) = postSolution
		SolutionGuid = {DECDBDA7-0E0D-4E70-B61A-9FAA6908EF49}
	EndGlobalSection
EndGlobal
