
Microsoft Visual Studio Solution File, Format Version 12.00
# Visual Studio Version 17
VisualStudioVersion = 17.5.33502.453
MinimumVisualStudioVersion = 10.0.40219.1
Project("{FAE04EC0-301F-11D3-BF4B-00C04F79EFBC}") = "cwiczenie_07", "cwiczenie_07\cwiczenie_07.csproj", "{D3D8136E-B853-4793-90BC-62F5DE80D645}"
EndProject
Global
	GlobalSection(SolutionConfigurationPlatforms) = preSolution
		Debug|Any CPU = Debug|Any CPU
		Release|Any CPU = Release|Any CPU
	EndGlobalSection
	GlobalSection(ProjectConfigurationPlatforms) = postSolution
		{D3D8136E-B853-4793-90BC-62F5DE80D645}.Debug|Any CPU.ActiveCfg = Debug|Any CPU
		{D3D8136E-B853-4793-90BC-62F5DE80D645}.Debug|Any CPU.Build.0 = Debug|Any CPU
		{D3D8136E-B853-4793-90BC-62F5DE80D645}.Release|Any CPU.ActiveCfg = Release|Any CPU
		{D3D8136E-B853-4793-90BC-62F5DE80D645}.Release|Any CPU.Build.0 = Release|Any CPU
	EndGlobalSection
	GlobalSection(SolutionProperties) = preSolution
		HideSolutionNode = FALSE
	EndGlobalSection
	GlobalSection(ExtensibilityGlobals) = postSolution
		SolutionGuid = {DB8D5B73-6D74-4445-A2D1-98926DB7B34B}
	EndGlobalSection
EndGlobal
