
Microsoft Visual Studio Solution File, Format Version 12.00
# Visual Studio Version 17
VisualStudioVersion = 17.5.33502.453
MinimumVisualStudioVersion = 10.0.40219.1
Project("{FAE04EC0-301F-11D3-BF4B-00C04F79EFBC}") = "cwiczenie_04", "cwiczenie_04\cwiczenie_04.csproj", "{59FD60E3-EDA1-4891-AC30-4F6780FDCD3A}"
EndProject
Global
	GlobalSection(SolutionConfigurationPlatforms) = preSolution
		Debug|Any CPU = Debug|Any CPU
		Release|Any CPU = Release|Any CPU
	EndGlobalSection
	GlobalSection(ProjectConfigurationPlatforms) = postSolution
		{59FD60E3-EDA1-4891-AC30-4F6780FDCD3A}.Debug|Any CPU.ActiveCfg = Debug|Any CPU
		{59FD60E3-EDA1-4891-AC30-4F6780FDCD3A}.Debug|Any CPU.Build.0 = Debug|Any CPU
		{59FD60E3-EDA1-4891-AC30-4F6780FDCD3A}.Release|Any CPU.ActiveCfg = Release|Any CPU
		{59FD60E3-EDA1-4891-AC30-4F6780FDCD3A}.Release|Any CPU.Build.0 = Release|Any CPU
	EndGlobalSection
	GlobalSection(SolutionProperties) = preSolution
		HideSolutionNode = FALSE
	EndGlobalSection
	GlobalSection(ExtensibilityGlobals) = postSolution
		SolutionGuid = {20A5584B-86E6-481C-B418-B6493ACC1D9A}
	EndGlobalSection
EndGlobal
