
Microsoft Visual Studio Solution File, Format Version 12.00
# Visual Studio Version 17
VisualStudioVersion = 17.5.33502.453
MinimumVisualStudioVersion = 10.0.40219.1
Project("{FAE04EC0-301F-11D3-BF4B-00C04F79EFBC}") = "Zajecia_nr4-zadanie_5", "Zajecia_nr4-zadanie_5\Zajecia_nr4-zadanie_5.csproj", "{2BBA7F46-F7D2-473B-8D0C-2DCC99D4D7BF}"
EndProject
Global
	GlobalSection(SolutionConfigurationPlatforms) = preSolution
		Debug|Any CPU = Debug|Any CPU
		Release|Any CPU = Release|Any CPU
	EndGlobalSection
	GlobalSection(ProjectConfigurationPlatforms) = postSolution
		{2BBA7F46-F7D2-473B-8D0C-2DCC99D4D7BF}.Debug|Any CPU.ActiveCfg = Debug|Any CPU
		{2BBA7F46-F7D2-473B-8D0C-2DCC99D4D7BF}.Debug|Any CPU.Build.0 = Debug|Any CPU
		{2BBA7F46-F7D2-473B-8D0C-2DCC99D4D7BF}.Release|Any CPU.ActiveCfg = Release|Any CPU
		{2BBA7F46-F7D2-473B-8D0C-2DCC99D4D7BF}.Release|Any CPU.Build.0 = Release|Any CPU
	EndGlobalSection
	GlobalSection(SolutionProperties) = preSolution
		HideSolutionNode = FALSE
	EndGlobalSection
	GlobalSection(ExtensibilityGlobals) = postSolution
		SolutionGuid = {916DD08B-3D3F-4339-B0FA-BC22D90013D0}
	EndGlobalSection
EndGlobal
